// !$*UTF8*$!
{
	archiveVersion = 1;
	classes = {
	};
	objectVersion = 50;
	objects = {

/* Begin PBXBuildFile section */
		E6EEA945219D49250047C055 /* AppDelegate.m in Sources */ = {isa = PBXBuildFile; fileRef = E6EEA944219D49250047C055 /* AppDelegate.m */; };
		E6EEA948219D49250047C055 /* ViewController.m in Sources */ = {isa = PBXBuildFile; fileRef = E6EEA947219D49250047C055 /* ViewController.m */; };
		E6EEA94B219D49250047C055 /* Main.storyboard in Resources */ = {isa = PBXBuildFile; fileRef = E6EEA949219D49250047C055 /* Main.storyboard */; };
		E6EEA94D219D49260047C055 /* Assets.xcassets in Resources */ = {isa = PBXBuildFile; fileRef = E6EEA94C219D49260047C055 /* Assets.xcassets */; };
		E6EEA950219D49260047C055 /* LaunchScreen.storyboard in Resources */ = {isa = PBXBuildFile; fileRef = E6EEA94E219D49260047C055 /* LaunchScreen.storyboard */; };
		E6EEA953219D49260047C055 /* main.m in Sources */ = {isa = PBXBuildFile; fileRef = E6EEA952219D49260047C055 /* main.m */; };
		E6EEA95B219D494F0047C055 /* JFNoticeScrollView.m in Sources */ = {isa = PBXBuildFile; fileRef = E6EEA95A219D494F0047C055 /* JFNoticeScrollView.m */; };
/* End PBXBuildFile section */

/* Begin PBXFileReference section */
		E6EEA940219D49250047C055 /* 公告滚动.app */ = {isa = PBXFileReference; explicitFileType = wrapper.application; includeInIndex = 0; path = "公告滚动.app"; sourceTree = BUILT_PRODUCTS_DIR; };
		E6EEA943219D49250047C055 /* AppDelegate.h */ = {isa = PBXFileReference; lastKnownFileType = sourcecode.c.h; path = AppDelegate.h; sourceTree = "<group>"; };
		E6EEA944219D49250047C055 /* AppDelegate.m */ = {isa = PBXFileReference; lastKnownFileType = sourcecode.c.objc; path = AppDelegate.m; sourceTree = "<group>"; };
		E6EEA946219D49250047C055 /* ViewController.h */ = {isa = PBXFileReference; lastKnownFileType = sourcecode.c.h; path = ViewController.h; sourceTree = "<group>"; };
		E6EEA947219D49250047C055 /* ViewController.m */ = {isa = PBXFileReference; lastKnownFileType = sourcecode.c.objc; path = ViewController.m; sourceTree = "<group>"; };
		E6EEA94A219D49250047C055 /* Base */ = {isa = PBXFileReference; lastKnownFileType = file.storyboard; name = Base; path = Base.lproj/Main.storyboard; sourceTree = "<group>"; };
		E6EEA94C219D49260047C055 /* Assets.xcassets */ = {isa = PBXFileReference; lastKnownFileType = folder.assetcatalog; path = Assets.xcassets; sourceTree = "<group>"; };
		E6EEA94F219D49260047C055 /* Base */ = {isa = PBXFileReference; lastKnownFileType = file.storyboard; name = Base; path = Base.lproj/LaunchScreen.storyboard; sourceTree = "<group>"; };
		E6EEA951219D49260047C055 /* Info.plist */ = {isa = PBXFileReference; lastKnownFileType = text.plist.xml; path = Info.plist; sourceTree = "<group>"; };
		E6EEA952219D49260047C055 /* main.m */ = {isa = PBXFileReference; lastKnownFileType = sourcecode.c.objc; path = main.m; sourceTree = "<group>"; };
		E6EEA959219D494F0047C055 /* JFNoticeScrollView.h */ = {isa = PBXFileReference; lastKnownFileType = sourcecode.c.h; path = JFNoticeScrollView.h; sourceTree = "<group>"; };
		E6EEA95A219D494F0047C055 /* JFNoticeScrollView.m */ = {isa = PBXFileReference; lastKnownFileType = sourcecode.c.objc; path = JFNoticeScrollView.m; sourceTree = "<group>"; };
/* End PBXFileReference section */

/* Begin PBXFrameworksBuildPhase section */
		E6EEA93D219D49250047C055 /* Frameworks */ = {
			isa = PBXFrameworksBuildPhase;
			buildActionMask = 2147483647;
			files = (
			);
			runOnlyForDeploymentPostprocessing = 0;
		};
/* End PBXFrameworksBuildPhase section */

/* Begin PBXGroup section */
		E6EEA937219D49250047C055 = {
			isa = PBXGroup;
			children = (
				E6EEA942219D49250047C055 /* 公告滚动 */,
				E6EEA941219D49250047C055 /* Products */,
			);
			sourceTree = "<group>";
		};
		E6EEA941219D49250047C055 /* Products */ = {
			isa = PBXGroup;
			children = (
				E6EEA940219D49250047C055 /* 公告滚动.app */,
			);
			name = Products;
			sourceTree = "<group>";
		};
		E6EEA942219D49250047C055 /* 公告滚动 */ = {
			isa = PBXGroup;
			children = (
				E6EEA943219D49250047C055 /* AppDelegate.h */,
				E6EEA944219D49250047C055 /* AppDelegate.m */,
				E6EEA946219D49250047C055 /* ViewController.h */,
				E6EEA947219D49250047C055 /* ViewController.m */,
				E6EEA949219D49250047C055 /* Main.storyboard */,
				E6EEA94C219D49260047C055 /* Assets.xcassets */,
				E6EEA94E219D49260047C055 /* LaunchScreen.storyboard */,
				E6EEA951219D49260047C055 /* Info.plist */,
				E6EEA952219D49260047C055 /* main.m */,
				E6EEA959219D494F0047C055 /* JFNoticeScrollView.h */,
				E6EEA95A219D494F0047C055 /* JFNoticeScrollView.m */,
			);
			path = "公告滚动";
			sourceTree = "<group>";
		};
/* End PBXGroup section */

/* Begin PBXNativeTarget section */
		E6EEA93F219D49250047C055 /* 公告滚动 */ = {
			isa = PBXNativeTarget;
			buildConfigurationList = E6EEA956219D49260047C055 /* Build configuration list for PBXNativeTarget "公告滚动" */;
			buildPhases = (
				E6EEA93C219D49250047C055 /* Sources */,
				E6EEA93D219D49250047C055 /* Frameworks */,
				E6EEA93E219D49250047C055 /* Resources */,
			);
			buildRules = (
			);
			dependencies = (
			);
			name = "公告滚动";
			productName = "公告滚动";
			productReference = E6EEA940219D49250047C055 /* 公告滚动.app */;
			productType = "com.apple.product-type.application";
		};
/* End PBXNativeTarget section */

/* Begin PBXProject section */
		E6EEA938219D49250047C055 /* Project object */ = {
			isa = PBXProject;
			attributes = {
				LastUpgradeCheck = 0940;
				ORGANIZATIONNAME = yidezhang;
				TargetAttributes = {
					E6EEA93F219D49250047C055 = {
						CreatedOnToolsVersion = 9.4;
					};
				};
			};
			buildConfigurationList = E6EEA93B219D49250047C055 /* Build configuration list for PBXProject "公告滚动" */;
			compatibilityVersion = "Xcode 9.3";
			developmentRegion = en;
			hasScannedForEncodings = 0;
			knownRegions = (
				en,
				Base,
			);
			mainGroup = E6EEA937219D49250047C055;
			productRefGroup = E6EEA941219D49250047C055 /* Products */;
			projectDirPath = "";
			projectRoot = "";
			targets = (
				E6EEA93F219D49250047C055 /* 公告滚动 */,
			);
		};
/* End PBXProject section */

/* Begin PBXResourcesBuildPhase section */
		E6EEA93E219D49250047C055 /* Resources */ = {
			isa = PBXResourcesBuildPhase;
			buildActionMask = 2147483647;
			files = (
				E6EEA950219D49260047C055 /* LaunchScreen.storyboard in Resources */,
				E6EEA94D219D49260047C055 /* Assets.xcassets in Resources */,
				E6EEA94B219D49250047C055 /* Main.storyboard in Resources */,
			);
			runOnlyForDeploymentPostprocessing = 0;
		};
/* End PBXResourcesBuildPhase section */

/* Begin PBXSourcesBuildPhase section */
		E6EEA93C219D49250047C055 /* Sources */ = {
			isa = PBXSourcesBuildPhase;
			buildActionMask = 2147483647;
			files = (
				E6EEA948219D49250047C055 /* ViewController.m in Sources */,
				E6EEA953219D49260047C055 /* main.m in Sources */,
				E6EEA945219D49250047C055 /* AppDelegate.m in Sources */,
				E6EEA95B219D494F0047C055 /* JFNoticeScrollView.m in Sources */,
			);
			runOnlyForDeploymentPostprocessing = 0;
		};
/* End PBXSourcesBuildPhase section */

/* Begin PBXVariantGroup section */
		E6EEA949219D49250047C055 /* Main.storyboard */ = {
			isa = PBXVariantGroup;
			children = (
				E6EEA94A219D49250047C055 /* Base */,
			);
			name = Main.storyboard;
			sourceTree = "<group>";
		};
		E6EEA94E219D49260047C055 /* LaunchScreen.storyboard */ = {
			isa = PBXVariantGroup;
			children = (
				E6EEA94F219D49260047C055 /* Base */,
			);
			name = LaunchScreen.storyboard;
			sourceTree = "<group>";
		};
/* End PBXVariantGroup section */

/* Begin XCBuildConfiguration section */
		E6EEA954219D49260047C055 /* Debug */ = {
			isa = XCBuildConfiguration;
			buildSettings = {
				ALWAYS_SEARCH_USER_PATHS = NO;
				CLANG_ANALYZER_NONNULL = YES;
				CLANG_ANALYZER_NUMBER_OBJECT_CONVERSION = YES_AGGRESSIVE;
				CLANG_CXX_LANGUAGE_STANDARD = "gnu++14";
				CLANG_CXX_LIBRARY = "libc++";
				CLANG_ENABLE_MODULES = YES;
				CLANG_ENABLE_OBJC_ARC = YES;
				CLANG_ENABLE_OBJC_WEAK = YES;
				CLANG_WARN_BLOCK_CAPTURE_AUTORELEASING = YES;
				CLANG_WARN_BOOL_CONVERSION = YES;
				CLANG_WARN_COMMA = YES;
				CLANG_WARN_CONSTANT_CONVERSION = YES;
				CLANG_WARN_DEPRECATED_OBJC_IMPLEMENTATIONS = YES;
				CLANG_WARN_DIRECT_OBJC_ISA_USAGE = YES_ERROR;
				CLANG_WARN_DOCUMENTATION_COMMENTS = YES;
				CLANG_WARN_EMPTY_BODY = YES;
				CLANG_WARN_ENUM_CONVERSION = YES;
				CLANG_WARN_INFINITE_RECURSION = YES;
				CLANG_WARN_INT_CONVERSION = YES;
				CLANG_WARN_NON_LITERAL_NULL_CONVERSION = YES;
				CLANG_WARN_OBJC_IMPLICIT_RETAIN_SELF = YES;
				CLANG_WARN_OBJC_LITERAL_CONVERSION = YES;
				CLANG_WARN_OBJC_ROOT_CLASS = YES_ERROR;
				CLANG_WARN_RANGE_LOOP_ANALYSIS = YES;
				CLANG_WARN_STRICT_PROTOTYPES = YES;
				CLANG_WARN_SUSPICIOUS_MOVE = YES;
				CLANG_WARN_UNGUARDED_AVAILABILITY = YES_AGGRESSIVE;
				CLANG_WARN_UNREACHABLE_CODE = YES;
				CLANG_WARN__DUPLICATE_METHOD_MATCH = YES;
				CODE_SIGN_IDENTITY = "iPhone Developer";
				COPY_PHASE_STRIP = NO;
				DEBUG_INFORMATION_FORMAT = dwarf;
				ENABLE_STRICT_OBJC_MSGSEND = YES;
				ENABLE_TESTABILITY = YES;
				GCC_C_LANGUAGE_STANDARD = gnu11;
				GCC_DYNAMIC_NO_PIC = NO;
				GCC_NO_COMMON_BLOCKS = YES;
				GCC_OPTIMIZATION_LEVEL = 0;
				GCC_PREPROCESSOR_DEFINITIONS = (
					"DEBUG=1",
					"$(inherited)",
				);
				GCC_WARN_64_TO_32_BIT_CONVERSION = YES;
				GCC_WARN_ABOUT_RETURN_TYPE = YES_ERROR;
				GCC_WARN_UNDECLARED_SELECTOR = YES;
				GCC_WARN_UNINITIALIZED_AUTOS = YES_AGGRESSIVE;
				GCC_WARN_UNUSED_FUNCTION = YES;
				GCC_WARN_UNUSED_VARIABLE = YES;
				IPHONEOS_DEPLOYMENT_TARGET = 11.4;
				MTL_ENABLE_DEBUG_INFO = YES;
				ONLY_ACTIVE_ARCH = YES;
				SDKROOT = iphoneos;
			};
			name = Debug;
		};
		E6EEA955219D49260047C055 /* Release */ = {
			isa = XCBuildConfiguration;
			buildSettings = {
				ALWAYS_SEARCH_USER_PATHS = NO;
				CLANG_ANALYZER_NONNULL = YES;
				CLANG_ANALYZER_NUMBER_OBJECT_CONVERSION = YES_AGGRESSIVE;
				CLANG_CXX_LANGUAGE_STANDARD = "gnu++14";
				CLANG_CXX_LIBRARY = "libc++";
				CLANG_ENABLE_MODULES = YES;
				CLANG_ENABLE_OBJC_ARC = YES;
				CLANG_ENABLE_OBJC_WEAK = YES;
				CLANG_WARN_BLOCK_CAPTURE_AUTORELEASING = YES;
				CLANG_WARN_BOOL_CONVERSION = YES;
				CLANG_WARN_COMMA = YES;
				CLANG_WARN_CONSTANT_CONVERSION = YES;
				CLANG_WARN_DEPRECATED_OBJC_IMPLEMENTATIONS = YES;
				CLANG_WARN_DIRECT_OBJC_ISA_USAGE = YES_ERROR;
				CLANG_WARN_DOCUMENTATION_COMMENTS = YES;
				CLANG_WARN_EMPTY_BODY = YES;
				CLANG_WARN_ENUM_CONVERSION = YES;
				CLANG_WARN_INFINITE_RECURSION = YES;
				CLANG_WARN_INT_CONVERSION = YES;
				CLANG_WARN_NON_LITERAL_NULL_CONVERSION = YES;
				CLANG_WARN_OBJC_IMPLICIT_RETAIN_SELF = YES;
				CLANG_WARN_OBJC_LITERAL_CONVERSION = YES;
				CLANG_WARN_OBJC_ROOT_CLASS = YES_ERROR;
				CLANG_WARN_RANGE_LOOP_ANALYSIS = YES;
				CLANG_WARN_STRICT_PROTOTYPES = YES;
				CLANG_WARN_SUSPICIOUS_MOVE = YES;
				CLANG_WARN_UNGUARDED_AVAILABILITY = YES_AGGRESSIVE;
				CLANG_WARN_UNREACHABLE_CODE = YES;
				CLANG_WARN__DUPLICATE_METHOD_MATCH = YES;
				CODE_SIGN_IDENTITY = "iPhone Developer";
				COPY_PHASE_STRIP = NO;
				DEBUG_INFORMATION_FORMAT = "dwarf-with-dsym";
				ENABLE_NS_ASSERTIONS = NO;
				ENABLE_STRICT_OBJC_MSGSEND = YES;
				GCC_C_LANGUAGE_STANDARD = gnu11;
				GCC_NO_COMMON_BLOCKS = YES;
				GCC_WARN_64_TO_32_BIT_CONVERSION = YES;
				GCC_WARN_ABOUT_RETURN_TYPE = YES_ERROR;
				GCC_WARN_UNDECLARED_SELECTOR = YES;
				GCC_WARN_UNINITIALIZED_AUTOS = YES_AGGRESSIVE;
				GCC_WARN_UNUSED_FUNCTION = YES;
				GCC_WARN_UNUSED_VARIABLE = YES;
				IPHONEOS_DEPLOYMENT_TARGET = 11.4;
				MTL_ENABLE_DEBUG_INFO = NO;
				SDKROOT = iphoneos;
				VALIDATE_PRODUCT = YES;
			};
			name = Release;
		};
		E6EEA957219D49260047C055 /* Debug */ = {
			isa = XCBuildConfiguration;
			buildSettings = {
				ASSETCATALOG_COMPILER_APPICON_NAME = AppIcon;
				CODE_SIGN_STYLE = Automatic;
				INFOPLIST_FILE = "公告滚动/Info.plist";
				LD_RUNPATH_SEARCH_PATHS = (
					"$(inherited)",
					"@executable_path/Frameworks",
				);
				PRODUCT_BUNDLE_IDENTIFIER = "com.Test.----";
				PRODUCT_NAME = "$(TARGET_NAME)";
				TARGETED_DEVICE_FAMILY = "1,2";
			};
			name = Debug;
		};
		E6EEA958219D49260047C055 /* Release */ = {
			isa = XCBuildConfiguration;
			buildSettings = {
				ASSETCATALOG_COMPILER_APPICON_NAME = AppIcon;
				CODE_SIGN_STYLE = Automatic;
				INFOPLIST_FILE = "公告滚动/Info.plist";
				LD_RUNPATH_SEARCH_PATHS = (
					"$(inherited)",
					"@executable_path/Frameworks",
				);
				PRODUCT_BUNDLE_IDENTIFIER = "com.Test.----";
				PRODUCT_NAME = "$(TARGET_NAME)";
				TARGETED_DEVICE_FAMILY = "1,2";
			};
			name = Release;
		};
/* End XCBuildConfiguration section */

/* Begin XCConfigurationList section */
		E6EEA93B219D49250047C055 /* Build configuration list for PBXProject "公告滚动" */ = {
			isa = XCConfigurationList;
			buildConfigurations = (
				E6EEA954219D49260047C055 /* Debug */,
				E6EEA955219D49260047C055 /* Release */,
			);
			defaultConfigurationIsVisible = 0;
			defaultConfigurationName = Release;
		};
		E6EEA956219D49260047C055 /* Build configuration list for PBXNativeTarget "公告滚动" */ = {
			isa = XCConfigurationList;
			buildConfigurations = (
				E6EEA957219D49260047C055 /* Debug */,
				E6EEA958219D49260047C055 /* Release */,
			);
			defaultConfigurationIsVisible = 0;
			defaultConfigurationName = Release;
		};
/* End XCConfigurationList section */
	};
	rootObject = E6EEA938219D49250047C055 /* Project object */;
}
