// !$*UTF8*$!
{
	archiveVersion = 1;
	classes = {
	};
	objectVersion = 50;
	objects = {

/* Begin PBXBuildFile section */
		E66F1AFD21815D3400393820 /* AppDelegate.m in Sources */ = {isa = PBXBuildFile; fileRef = E66F1AFC21815D3400393820 /* AppDelegate.m */; };
		E66F1B0021815D3400393820 /* ViewController.m in Sources */ = {isa = PBXBuildFile; fileRef = E66F1AFF21815D3400393820 /* ViewController.m */; };
		E66F1B0321815D3400393820 /* Main.storyboard in Resources */ = {isa = PBXBuildFile; fileRef = E66F1B0121815D3400393820 /* Main.storyboard */; };
		E66F1B0521815D3500393820 /* Assets.xcassets in Resources */ = {isa = PBXBuildFile; fileRef = E66F1B0421815D3500393820 /* Assets.xcassets */; };
		E66F1B0821815D3500393820 /* LaunchScreen.storyboard in Resources */ = {isa = PBXBuildFile; fileRef = E66F1B0621815D3500393820 /* LaunchScreen.storyboard */; };
		E66F1B0B21815D3500393820 /* main.m in Sources */ = {isa = PBXBuildFile; fileRef = E66F1B0A21815D3500393820 /* main.m */; };
		E66F1B2321815D5200393820 /* playBtn@2x.png in Resources */ = {isa = PBXBuildFile; fileRef = E66F1B1421815D5200393820 /* playBtn@2x.png */; };
		E66F1B2421815D5200393820 /* uvv_back_btn.png in Resources */ = {isa = PBXBuildFile; fileRef = E66F1B1521815D5200393820 /* uvv_back_btn.png */; };
		E66F1B2521815D5200393820 /* playBtn@3x.png in Resources */ = {isa = PBXBuildFile; fileRef = E66F1B1621815D5200393820 /* playBtn@3x.png */; };
		E66F1B2621815D5200393820 /* uvv_player_player_btn.png in Resources */ = {isa = PBXBuildFile; fileRef = E66F1B1721815D5200393820 /* uvv_player_player_btn.png */; };
		E66F1B2721815D5200393820 /* puase@3x.png in Resources */ = {isa = PBXBuildFile; fileRef = E66F1B1821815D5200393820 /* puase@3x.png */; };
		E66F1B2821815D5200393820 /* puase@2x.png in Resources */ = {isa = PBXBuildFile; fileRef = E66F1B1921815D5200393820 /* puase@2x.png */; };
		E66F1B2921815D5200393820 /* uvv_stop_btn.png in Resources */ = {isa = PBXBuildFile; fileRef = E66F1B1A21815D5200393820 /* uvv_stop_btn.png */; };
		E66F1B2A21815D5200393820 /* uvv_player_scale_btn.png in Resources */ = {isa = PBXBuildFile; fileRef = E66F1B1B21815D5200393820 /* uvv_player_scale_btn.png */; };
		E66F1B2B21815D5200393820 /* progressThumb@2x.png in Resources */ = {isa = PBXBuildFile; fileRef = E66F1B1C21815D5200393820 /* progressThumb@2x.png */; };
		E66F1B2C21815D5200393820 /* uvv_seek_dot.png in Resources */ = {isa = PBXBuildFile; fileRef = E66F1B1D21815D5200393820 /* uvv_seek_dot.png */; };
		E66F1B2D21815D5200393820 /* uvv_star_zoom_in.png in Resources */ = {isa = PBXBuildFile; fileRef = E66F1B1E21815D5200393820 /* uvv_star_zoom_in.png */; };
		E66F1B2E21815D5200393820 /* uvv_common_ic_loading_icon.png in Resources */ = {isa = PBXBuildFile; fileRef = E66F1B1F21815D5200393820 /* uvv_common_ic_loading_icon.png */; };
		E66F1B2F21815D5200393820 /* JFYDPlayerProgressView.m in Sources */ = {isa = PBXBuildFile; fileRef = E66F1B2121815D5200393820 /* JFYDPlayerProgressView.m */; };
		E66F1B3021815D5200393820 /* JFVideoPlayerView.m in Sources */ = {isa = PBXBuildFile; fileRef = E66F1B2221815D5200393820 /* JFVideoPlayerView.m */; };
/* End PBXBuildFile section */

/* Begin PBXFileReference section */
		E66F1AF821815D3400393820 /* 简单播放器.app */ = {isa = PBXFileReference; explicitFileType = wrapper.application; includeInIndex = 0; path = "简单播放器.app"; sourceTree = BUILT_PRODUCTS_DIR; };
		E66F1AFB21815D3400393820 /* AppDelegate.h */ = {isa = PBXFileReference; lastKnownFileType = sourcecode.c.h; path = AppDelegate.h; sourceTree = "<group>"; };
		E66F1AFC21815D3400393820 /* AppDelegate.m */ = {isa = PBXFileReference; lastKnownFileType = sourcecode.c.objc; path = AppDelegate.m; sourceTree = "<group>"; };
		E66F1AFE21815D3400393820 /* ViewController.h */ = {isa = PBXFileReference; lastKnownFileType = sourcecode.c.h; path = ViewController.h; sourceTree = "<group>"; };
		E66F1AFF21815D3400393820 /* ViewController.m */ = {isa = PBXFileReference; lastKnownFileType = sourcecode.c.objc; path = ViewController.m; sourceTree = "<group>"; };
		E66F1B0221815D3400393820 /* Base */ = {isa = PBXFileReference; lastKnownFileType = file.storyboard; name = Base; path = Base.lproj/Main.storyboard; sourceTree = "<group>"; };
		E66F1B0421815D3500393820 /* Assets.xcassets */ = {isa = PBXFileReference; lastKnownFileType = folder.assetcatalog; path = Assets.xcassets; sourceTree = "<group>"; };
		E66F1B0721815D3500393820 /* Base */ = {isa = PBXFileReference; lastKnownFileType = file.storyboard; name = Base; path = Base.lproj/LaunchScreen.storyboard; sourceTree = "<group>"; };
		E66F1B0921815D3500393820 /* Info.plist */ = {isa = PBXFileReference; lastKnownFileType = text.plist.xml; path = Info.plist; sourceTree = "<group>"; };
		E66F1B0A21815D3500393820 /* main.m */ = {isa = PBXFileReference; lastKnownFileType = sourcecode.c.objc; path = main.m; sourceTree = "<group>"; };
		E66F1B1221815D5200393820 /* JFYDPlayerProgressView.h */ = {isa = PBXFileReference; fileEncoding = 4; lastKnownFileType = sourcecode.c.h; path = JFYDPlayerProgressView.h; sourceTree = "<group>"; };
		E66F1B1421815D5200393820 /* playBtn@2x.png */ = {isa = PBXFileReference; lastKnownFileType = image.png; path = "playBtn@2x.png"; sourceTree = "<group>"; };
		E66F1B1521815D5200393820 /* uvv_back_btn.png */ = {isa = PBXFileReference; lastKnownFileType = image.png; path = uvv_back_btn.png; sourceTree = "<group>"; };
		E66F1B1621815D5200393820 /* playBtn@3x.png */ = {isa = PBXFileReference; lastKnownFileType = image.png; path = "playBtn@3x.png"; sourceTree = "<group>"; };
		E66F1B1721815D5200393820 /* uvv_player_player_btn.png */ = {isa = PBXFileReference; lastKnownFileType = image.png; path = uvv_player_player_btn.png; sourceTree = "<group>"; };
		E66F1B1821815D5200393820 /* puase@3x.png */ = {isa = PBXFileReference; lastKnownFileType = image.png; path = "puase@3x.png"; sourceTree = "<group>"; };
		E66F1B1921815D5200393820 /* puase@2x.png */ = {isa = PBXFileReference; lastKnownFileType = image.png; path = "puase@2x.png"; sourceTree = "<group>"; };
		E66F1B1A21815D5200393820 /* uvv_stop_btn.png */ = {isa = PBXFileReference; lastKnownFileType = image.png; path = uvv_stop_btn.png; sourceTree = "<group>"; };
		E66F1B1B21815D5200393820 /* uvv_player_scale_btn.png */ = {isa = PBXFileReference; lastKnownFileType = image.png; path = uvv_player_scale_btn.png; sourceTree = "<group>"; };
		E66F1B1C21815D5200393820 /* progressThumb@2x.png */ = {isa = PBXFileReference; lastKnownFileType = image.png; path = "progressThumb@2x.png"; sourceTree = "<group>"; };
		E66F1B1D21815D5200393820 /* uvv_seek_dot.png */ = {isa = PBXFileReference; lastKnownFileType = image.png; path = uvv_seek_dot.png; sourceTree = "<group>"; };
		E66F1B1E21815D5200393820 /* uvv_star_zoom_in.png */ = {isa = PBXFileReference; lastKnownFileType = image.png; path = uvv_star_zoom_in.png; sourceTree = "<group>"; };
		E66F1B1F21815D5200393820 /* uvv_common_ic_loading_icon.png */ = {isa = PBXFileReference; lastKnownFileType = image.png; path = uvv_common_ic_loading_icon.png; sourceTree = "<group>"; };
		E66F1B2021815D5200393820 /* JFVideoPlayerView.h */ = {isa = PBXFileReference; fileEncoding = 4; lastKnownFileType = sourcecode.c.h; path = JFVideoPlayerView.h; sourceTree = "<group>"; };
		E66F1B2121815D5200393820 /* JFYDPlayerProgressView.m */ = {isa = PBXFileReference; fileEncoding = 4; lastKnownFileType = sourcecode.c.objc; path = JFYDPlayerProgressView.m; sourceTree = "<group>"; };
		E66F1B2221815D5200393820 /* JFVideoPlayerView.m */ = {isa = PBXFileReference; fileEncoding = 4; lastKnownFileType = sourcecode.c.objc; path = JFVideoPlayerView.m; sourceTree = "<group>"; };
/* End PBXFileReference section */

/* Begin PBXFrameworksBuildPhase section */
		E66F1AF521815D3400393820 /* Frameworks */ = {
			isa = PBXFrameworksBuildPhase;
			buildActionMask = 2147483647;
			files = (
			);
			runOnlyForDeploymentPostprocessing = 0;
		};
/* End PBXFrameworksBuildPhase section */

/* Begin PBXGroup section */
		E66F1AEF21815D3400393820 = {
			isa = PBXGroup;
			children = (
				E66F1AFA21815D3400393820 /* 简单播放器 */,
				E66F1AF921815D3400393820 /* Products */,
			);
			sourceTree = "<group>";
		};
		E66F1AF921815D3400393820 /* Products */ = {
			isa = PBXGroup;
			children = (
				E66F1AF821815D3400393820 /* 简单播放器.app */,
			);
			name = Products;
			sourceTree = "<group>";
		};
		E66F1AFA21815D3400393820 /* 简单播放器 */ = {
			isa = PBXGroup;
			children = (
				E66F1B1121815D5200393820 /* JFVideoPlayerView */,
				E66F1AFB21815D3400393820 /* AppDelegate.h */,
				E66F1AFC21815D3400393820 /* AppDelegate.m */,
				E66F1AFE21815D3400393820 /* ViewController.h */,
				E66F1AFF21815D3400393820 /* ViewController.m */,
				E66F1B0121815D3400393820 /* Main.storyboard */,
				E66F1B0421815D3500393820 /* Assets.xcassets */,
				E66F1B0621815D3500393820 /* LaunchScreen.storyboard */,
				E66F1B0921815D3500393820 /* Info.plist */,
				E66F1B0A21815D3500393820 /* main.m */,
			);
			path = "简单播放器";
			sourceTree = "<group>";
		};
		E66F1B1121815D5200393820 /* JFVideoPlayerView */ = {
			isa = PBXGroup;
			children = (
				E66F1B1221815D5200393820 /* JFYDPlayerProgressView.h */,
				E66F1B1321815D5200393820 /* picture */,
				E66F1B2021815D5200393820 /* JFVideoPlayerView.h */,
				E66F1B2121815D5200393820 /* JFYDPlayerProgressView.m */,
				E66F1B2221815D5200393820 /* JFVideoPlayerView.m */,
			);
			path = JFVideoPlayerView;
			sourceTree = "<group>";
		};
		E66F1B1321815D5200393820 /* picture */ = {
			isa = PBXGroup;
			children = (
				E66F1B1421815D5200393820 /* playBtn@2x.png */,
				E66F1B1521815D5200393820 /* uvv_back_btn.png */,
				E66F1B1621815D5200393820 /* playBtn@3x.png */,
				E66F1B1721815D5200393820 /* uvv_player_player_btn.png */,
				E66F1B1821815D5200393820 /* puase@3x.png */,
				E66F1B1921815D5200393820 /* puase@2x.png */,
				E66F1B1A21815D5200393820 /* uvv_stop_btn.png */,
				E66F1B1B21815D5200393820 /* uvv_player_scale_btn.png */,
				E66F1B1C21815D5200393820 /* progressThumb@2x.png */,
				E66F1B1D21815D5200393820 /* uvv_seek_dot.png */,
				E66F1B1E21815D5200393820 /* uvv_star_zoom_in.png */,
				E66F1B1F21815D5200393820 /* uvv_common_ic_loading_icon.png */,
			);
			path = picture;
			sourceTree = "<group>";
		};
/* End PBXGroup section */

/* Begin PBXNativeTarget section */
		E66F1AF721815D3400393820 /* 简单播放器 */ = {
			isa = PBXNativeTarget;
			buildConfigurationList = E66F1B0E21815D3500393820 /* Build configuration list for PBXNativeTarget "简单播放器" */;
			buildPhases = (
				E66F1AF421815D3400393820 /* Sources */,
				E66F1AF521815D3400393820 /* Frameworks */,
				E66F1AF621815D3400393820 /* Resources */,
			);
			buildRules = (
			);
			dependencies = (
			);
			name = "简单播放器";
			productName = "简单播放器";
			productReference = E66F1AF821815D3400393820 /* 简单播放器.app */;
			productType = "com.apple.product-type.application";
		};
/* End PBXNativeTarget section */

/* Begin PBXProject section */
		E66F1AF021815D3400393820 /* Project object */ = {
			isa = PBXProject;
			attributes = {
				LastUpgradeCheck = 0940;
				ORGANIZATIONNAME = yidezhang;
				TargetAttributes = {
					E66F1AF721815D3400393820 = {
						CreatedOnToolsVersion = 9.4;
					};
				};
			};
			buildConfigurationList = E66F1AF321815D3400393820 /* Build configuration list for PBXProject "简单播放器" */;
			compatibilityVersion = "Xcode 9.3";
			developmentRegion = en;
			hasScannedForEncodings = 0;
			knownRegions = (
				en,
				Base,
			);
			mainGroup = E66F1AEF21815D3400393820;
			productRefGroup = E66F1AF921815D3400393820 /* Products */;
			projectDirPath = "";
			projectRoot = "";
			targets = (
				E66F1AF721815D3400393820 /* 简单播放器 */,
			);
		};
/* End PBXProject section */

/* Begin PBXResourcesBuildPhase section */
		E66F1AF621815D3400393820 /* Resources */ = {
			isa = PBXResourcesBuildPhase;
			buildActionMask = 2147483647;
			files = (
				E66F1B2921815D5200393820 /* uvv_stop_btn.png in Resources */,
				E66F1B2721815D5200393820 /* puase@3x.png in Resources */,
				E66F1B0821815D3500393820 /* LaunchScreen.storyboard in Resources */,
				E66F1B2321815D5200393820 /* playBtn@2x.png in Resources */,
				E66F1B2821815D5200393820 /* puase@2x.png in Resources */,
				E66F1B2621815D5200393820 /* uvv_player_player_btn.png in Resources */,
				E66F1B2C21815D5200393820 /* uvv_seek_dot.png in Resources */,
				E66F1B2B21815D5200393820 /* progressThumb@2x.png in Resources */,
				E66F1B0521815D3500393820 /* Assets.xcassets in Resources */,
				E66F1B2D21815D5200393820 /* uvv_star_zoom_in.png in Resources */,
				E66F1B2E21815D5200393820 /* uvv_common_ic_loading_icon.png in Resources */,
				E66F1B0321815D3400393820 /* Main.storyboard in Resources */,
				E66F1B2A21815D5200393820 /* uvv_player_scale_btn.png in Resources */,
				E66F1B2521815D5200393820 /* playBtn@3x.png in Resources */,
				E66F1B2421815D5200393820 /* uvv_back_btn.png in Resources */,
			);
			runOnlyForDeploymentPostprocessing = 0;
		};
/* End PBXResourcesBuildPhase section */

/* Begin PBXSourcesBuildPhase section */
		E66F1AF421815D3400393820 /* Sources */ = {
			isa = PBXSourcesBuildPhase;
			buildActionMask = 2147483647;
			files = (
				E66F1B3021815D5200393820 /* JFVideoPlayerView.m in Sources */,
				E66F1B0021815D3400393820 /* ViewController.m in Sources */,
				E66F1B2F21815D5200393820 /* JFYDPlayerProgressView.m in Sources */,
				E66F1B0B21815D3500393820 /* main.m in Sources */,
				E66F1AFD21815D3400393820 /* AppDelegate.m in Sources */,
			);
			runOnlyForDeploymentPostprocessing = 0;
		};
/* End PBXSourcesBuildPhase section */

/* Begin PBXVariantGroup section */
		E66F1B0121815D3400393820 /* Main.storyboard */ = {
			isa = PBXVariantGroup;
			children = (
				E66F1B0221815D3400393820 /* Base */,
			);
			name = Main.storyboard;
			sourceTree = "<group>";
		};
		E66F1B0621815D3500393820 /* LaunchScreen.storyboard */ = {
			isa = PBXVariantGroup;
			children = (
				E66F1B0721815D3500393820 /* Base */,
			);
			name = LaunchScreen.storyboard;
			sourceTree = "<group>";
		};
/* End PBXVariantGroup section */

/* Begin XCBuildConfiguration section */
		E66F1B0C21815D3500393820 /* Debug */ = {
			isa = XCBuildConfiguration;
			buildSettings = {
				ALWAYS_SEARCH_USER_PATHS = NO;
				CLANG_ANALYZER_NONNULL = YES;
				CLANG_ANALYZER_NUMBER_OBJECT_CONVERSION = YES_AGGRESSIVE;
				CLANG_CXX_LANGUAGE_STANDARD = "gnu++14";
				CLANG_CXX_LIBRARY = "libc++";
				CLANG_ENABLE_MODULES = YES;
				CLANG_ENABLE_OBJC_ARC = YES;
				CLANG_ENABLE_OBJC_WEAK = YES;
				CLANG_WARN_BLOCK_CAPTURE_AUTORELEASING = YES;
				CLANG_WARN_BOOL_CONVERSION = YES;
				CLANG_WARN_COMMA = YES;
				CLANG_WARN_CONSTANT_CONVERSION = YES;
				CLANG_WARN_DEPRECATED_OBJC_IMPLEMENTATIONS = YES;
				CLANG_WARN_DIRECT_OBJC_ISA_USAGE = YES_ERROR;
				CLANG_WARN_DOCUMENTATION_COMMENTS = YES;
				CLANG_WARN_EMPTY_BODY = YES;
				CLANG_WARN_ENUM_CONVERSION = YES;
				CLANG_WARN_INFINITE_RECURSION = YES;
				CLANG_WARN_INT_CONVERSION = YES;
				CLANG_WARN_NON_LITERAL_NULL_CONVERSION = YES;
				CLANG_WARN_OBJC_IMPLICIT_RETAIN_SELF = YES;
				CLANG_WARN_OBJC_LITERAL_CONVERSION = YES;
				CLANG_WARN_OBJC_ROOT_CLASS = YES_ERROR;
				CLANG_WARN_RANGE_LOOP_ANALYSIS = YES;
				CLANG_WARN_STRICT_PROTOTYPES = YES;
				CLANG_WARN_SUSPICIOUS_MOVE = YES;
				CLANG_WARN_UNGUARDED_AVAILABILITY = YES_AGGRESSIVE;
				CLANG_WARN_UNREACHABLE_CODE = YES;
				CLANG_WARN__DUPLICATE_METHOD_MATCH = YES;
				CODE_SIGN_IDENTITY = "iPhone Developer";
				COPY_PHASE_STRIP = NO;
				DEBUG_INFORMATION_FORMAT = dwarf;
				ENABLE_STRICT_OBJC_MSGSEND = YES;
				ENABLE_TESTABILITY = YES;
				GCC_C_LANGUAGE_STANDARD = gnu11;
				GCC_DYNAMIC_NO_PIC = NO;
				GCC_NO_COMMON_BLOCKS = YES;
				GCC_OPTIMIZATION_LEVEL = 0;
				GCC_PREPROCESSOR_DEFINITIONS = (
					"DEBUG=1",
					"$(inherited)",
				);
				GCC_WARN_64_TO_32_BIT_CONVERSION = YES;
				GCC_WARN_ABOUT_RETURN_TYPE = YES_ERROR;
				GCC_WARN_UNDECLARED_SELECTOR = YES;
				GCC_WARN_UNINITIALIZED_AUTOS = YES_AGGRESSIVE;
				GCC_WARN_UNUSED_FUNCTION = YES;
				GCC_WARN_UNUSED_VARIABLE = YES;
				IPHONEOS_DEPLOYMENT_TARGET = 11.4;
				MTL_ENABLE_DEBUG_INFO = YES;
				ONLY_ACTIVE_ARCH = YES;
				SDKROOT = iphoneos;
			};
			name = Debug;
		};
		E66F1B0D21815D3500393820 /* Release */ = {
			isa = XCBuildConfiguration;
			buildSettings = {
				ALWAYS_SEARCH_USER_PATHS = NO;
				CLANG_ANALYZER_NONNULL = YES;
				CLANG_ANALYZER_NUMBER_OBJECT_CONVERSION = YES_AGGRESSIVE;
				CLANG_CXX_LANGUAGE_STANDARD = "gnu++14";
				CLANG_CXX_LIBRARY = "libc++";
				CLANG_ENABLE_MODULES = YES;
				CLANG_ENABLE_OBJC_ARC = YES;
				CLANG_ENABLE_OBJC_WEAK = YES;
				CLANG_WARN_BLOCK_CAPTURE_AUTORELEASING = YES;
				CLANG_WARN_BOOL_CONVERSION = YES;
				CLANG_WARN_COMMA = YES;
				CLANG_WARN_CONSTANT_CONVERSION = YES;
				CLANG_WARN_DEPRECATED_OBJC_IMPLEMENTATIONS = YES;
				CLANG_WARN_DIRECT_OBJC_ISA_USAGE = YES_ERROR;
				CLANG_WARN_DOCUMENTATION_COMMENTS = YES;
				CLANG_WARN_EMPTY_BODY = YES;
				CLANG_WARN_ENUM_CONVERSION = YES;
				CLANG_WARN_INFINITE_RECURSION = YES;
				CLANG_WARN_INT_CONVERSION = YES;
				CLANG_WARN_NON_LITERAL_NULL_CONVERSION = YES;
				CLANG_WARN_OBJC_IMPLICIT_RETAIN_SELF = YES;
				CLANG_WARN_OBJC_LITERAL_CONVERSION = YES;
				CLANG_WARN_OBJC_ROOT_CLASS = YES_ERROR;
				CLANG_WARN_RANGE_LOOP_ANALYSIS = YES;
				CLANG_WARN_STRICT_PROTOTYPES = YES;
				CLANG_WARN_SUSPICIOUS_MOVE = YES;
				CLANG_WARN_UNGUARDED_AVAILABILITY = YES_AGGRESSIVE;
				CLANG_WARN_UNREACHABLE_CODE = YES;
				CLANG_WARN__DUPLICATE_METHOD_MATCH = YES;
				CODE_SIGN_IDENTITY = "iPhone Developer";
				COPY_PHASE_STRIP = NO;
				DEBUG_INFORMATION_FORMAT = "dwarf-with-dsym";
				ENABLE_NS_ASSERTIONS = NO;
				ENABLE_STRICT_OBJC_MSGSEND = YES;
				GCC_C_LANGUAGE_STANDARD = gnu11;
				GCC_NO_COMMON_BLOCKS = YES;
				GCC_WARN_64_TO_32_BIT_CONVERSION = YES;
				GCC_WARN_ABOUT_RETURN_TYPE = YES_ERROR;
				GCC_WARN_UNDECLARED_SELECTOR = YES;
				GCC_WARN_UNINITIALIZED_AUTOS = YES_AGGRESSIVE;
				GCC_WARN_UNUSED_FUNCTION = YES;
				GCC_WARN_UNUSED_VARIABLE = YES;
				IPHONEOS_DEPLOYMENT_TARGET = 11.4;
				MTL_ENABLE_DEBUG_INFO = NO;
				SDKROOT = iphoneos;
				VALIDATE_PRODUCT = YES;
			};
			name = Release;
		};
		E66F1B0F21815D3500393820 /* Debug */ = {
			isa = XCBuildConfiguration;
			buildSettings = {
				ASSETCATALOG_COMPILER_APPICON_NAME = AppIcon;
				CODE_SIGN_STYLE = Automatic;
				INFOPLIST_FILE = "简单播放器/Info.plist";
				LD_RUNPATH_SEARCH_PATHS = (
					"$(inherited)",
					"@executable_path/Frameworks",
				);
				PRODUCT_BUNDLE_IDENTIFIER = "com.Test.-----";
				PRODUCT_NAME = "$(TARGET_NAME)";
				TARGETED_DEVICE_FAMILY = "1,2";
			};
			name = Debug;
		};
		E66F1B1021815D3500393820 /* Release */ = {
			isa = XCBuildConfiguration;
			buildSettings = {
				ASSETCATALOG_COMPILER_APPICON_NAME = AppIcon;
				CODE_SIGN_STYLE = Automatic;
				INFOPLIST_FILE = "简单播放器/Info.plist";
				LD_RUNPATH_SEARCH_PATHS = (
					"$(inherited)",
					"@executable_path/Frameworks",
				);
				PRODUCT_BUNDLE_IDENTIFIER = "com.Test.-----";
				PRODUCT_NAME = "$(TARGET_NAME)";
				TARGETED_DEVICE_FAMILY = "1,2";
			};
			name = Release;
		};
/* End XCBuildConfiguration section */

/* Begin XCConfigurationList section */
		E66F1AF321815D3400393820 /* Build configuration list for PBXProject "简单播放器" */ = {
			isa = XCConfigurationList;
			buildConfigurations = (
				E66F1B0C21815D3500393820 /* Debug */,
				E66F1B0D21815D3500393820 /* Release */,
			);
			defaultConfigurationIsVisible = 0;
			defaultConfigurationName = Release;
		};
		E66F1B0E21815D3500393820 /* Build configuration list for PBXNativeTarget "简单播放器" */ = {
			isa = XCConfigurationList;
			buildConfigurations = (
				E66F1B0F21815D3500393820 /* Debug */,
				E66F1B1021815D3500393820 /* Release */,
			);
			defaultConfigurationIsVisible = 0;
			defaultConfigurationName = Release;
		};
/* End XCConfigurationList section */
	};
	rootObject = E66F1AF021815D3400393820 /* Project object */;
}
