// !$*UTF8*$!
{
	archiveVersion = 1;
	classes = {
	};
	objectVersion = 50;
	objects = {

/* Begin PBXBuildFile section */
		E695F15B212D643600519A99 /* AppDelegate.m in Sources */ = {isa = PBXBuildFile; fileRef = E695F15A212D643600519A99 /* AppDelegate.m */; };
		E695F15E212D643600519A99 /* ViewController.m in Sources */ = {isa = PBXBuildFile; fileRef = E695F15D212D643600519A99 /* ViewController.m */; };
		E695F161212D643600519A99 /* Main.storyboard in Resources */ = {isa = PBXBuildFile; fileRef = E695F15F212D643600519A99 /* Main.storyboard */; };
		E695F163212D643800519A99 /* Assets.xcassets in Resources */ = {isa = PBXBuildFile; fileRef = E695F162212D643800519A99 /* Assets.xcassets */; };
		E695F166212D643800519A99 /* LaunchScreen.storyboard in Resources */ = {isa = PBXBuildFile; fileRef = E695F164212D643800519A99 /* LaunchScreen.storyboard */; };
		E695F169212D643800519A99 /* main.m in Sources */ = {isa = PBXBuildFile; fileRef = E695F168212D643800519A99 /* main.m */; };
		E695F171212D6C4E00519A99 /* AVFoundation.framework in Frameworks */ = {isa = PBXBuildFile; fileRef = E695F170212D6C4E00519A99 /* AVFoundation.framework */; };
		E6E2C85C21732052008ABC42 /* YDScanerViewController.m in Sources */ = {isa = PBXBuildFile; fileRef = E6E2C85B21732052008ABC42 /* YDScanerViewController.m */; };
		E6E2C85F217320CB008ABC42 /* YDScanerNaviViewController.m in Sources */ = {isa = PBXBuildFile; fileRef = E6E2C85E217320CB008ABC42 /* YDScanerNaviViewController.m */; };
		E6E2C861217322CD008ABC42 /* ydhoto_back@2x.png in Resources */ = {isa = PBXBuildFile; fileRef = E6E2C860217322CD008ABC42 /* ydhoto_back@2x.png */; };
		E6E2C86B217323C5008ABC42 /* YDScanWebViewController.m in Sources */ = {isa = PBXBuildFile; fileRef = E6E2C864217323C5008ABC42 /* YDScanWebViewController.m */; };
		E6E2C86C217323C5008ABC42 /* IMY_NJKWebViewProgress.m in Sources */ = {isa = PBXBuildFile; fileRef = E6E2C866217323C5008ABC42 /* IMY_NJKWebViewProgress.m */; };
		E6E2C86D217323C5008ABC42 /* IMYWebView.m in Sources */ = {isa = PBXBuildFile; fileRef = E6E2C868217323C5008ABC42 /* IMYWebView.m */; };
		E6E2C86E217323C5008ABC42 /* WYWeakScriptMessageDelegate.m in Sources */ = {isa = PBXBuildFile; fileRef = E6E2C86A217323C5008ABC42 /* WYWeakScriptMessageDelegate.m */; };
		E6E2C87121732500008ABC42 /* UIColor+ARCatalog.m in Sources */ = {isa = PBXBuildFile; fileRef = E6E2C86F21732500008ABC42 /* UIColor+ARCatalog.m */; };
		E6E2C87521732A19008ABC42 /* XBWeakProxy.m in Sources */ = {isa = PBXBuildFile; fileRef = E6E2C87321732A19008ABC42 /* XBWeakProxy.m */; };
		E6E2C87921732BA3008ABC42 /* UIView+XBFrame.m in Sources */ = {isa = PBXBuildFile; fileRef = E6E2C87821732BA3008ABC42 /* UIView+XBFrame.m */; };
		E6E2C87E21733819008ABC42 /* scan_circle@2x.png in Resources */ = {isa = PBXBuildFile; fileRef = E6E2C87B21733819008ABC42 /* scan_circle@2x.png */; };
		E6E2C87F21733819008ABC42 /* scan_line@2x.png in Resources */ = {isa = PBXBuildFile; fileRef = E6E2C87C21733819008ABC42 /* scan_line@2x.png */; };
		E6E2C88021733819008ABC42 /* scanSuccess.wav in Resources */ = {isa = PBXBuildFile; fileRef = E6E2C87D21733819008ABC42 /* scanSuccess.wav */; };
/* End PBXBuildFile section */

/* Begin PBXFileReference section */
		E695F156212D643600519A99 /* 二维码.app */ = {isa = PBXFileReference; explicitFileType = wrapper.application; includeInIndex = 0; path = "二维码.app"; sourceTree = BUILT_PRODUCTS_DIR; };
		E695F159212D643600519A99 /* AppDelegate.h */ = {isa = PBXFileReference; lastKnownFileType = sourcecode.c.h; path = AppDelegate.h; sourceTree = "<group>"; };
		E695F15A212D643600519A99 /* AppDelegate.m */ = {isa = PBXFileReference; lastKnownFileType = sourcecode.c.objc; path = AppDelegate.m; sourceTree = "<group>"; };
		E695F15C212D643600519A99 /* ViewController.h */ = {isa = PBXFileReference; lastKnownFileType = sourcecode.c.h; path = ViewController.h; sourceTree = "<group>"; };
		E695F15D212D643600519A99 /* ViewController.m */ = {isa = PBXFileReference; lastKnownFileType = sourcecode.c.objc; path = ViewController.m; sourceTree = "<group>"; };
		E695F160212D643600519A99 /* Base */ = {isa = PBXFileReference; lastKnownFileType = file.storyboard; name = Base; path = Base.lproj/Main.storyboard; sourceTree = "<group>"; };
		E695F162212D643800519A99 /* Assets.xcassets */ = {isa = PBXFileReference; lastKnownFileType = folder.assetcatalog; path = Assets.xcassets; sourceTree = "<group>"; };
		E695F165212D643800519A99 /* Base */ = {isa = PBXFileReference; lastKnownFileType = file.storyboard; name = Base; path = Base.lproj/LaunchScreen.storyboard; sourceTree = "<group>"; };
		E695F167212D643800519A99 /* Info.plist */ = {isa = PBXFileReference; lastKnownFileType = text.plist.xml; path = Info.plist; sourceTree = "<group>"; };
		E695F168212D643800519A99 /* main.m */ = {isa = PBXFileReference; lastKnownFileType = sourcecode.c.objc; path = main.m; sourceTree = "<group>"; };
		E695F170212D6C4E00519A99 /* AVFoundation.framework */ = {isa = PBXFileReference; lastKnownFileType = wrapper.framework; name = AVFoundation.framework; path = System/Library/Frameworks/AVFoundation.framework; sourceTree = SDKROOT; };
		E6E2C85A21732052008ABC42 /* YDScanerViewController.h */ = {isa = PBXFileReference; lastKnownFileType = sourcecode.c.h; path = YDScanerViewController.h; sourceTree = "<group>"; };
		E6E2C85B21732052008ABC42 /* YDScanerViewController.m */ = {isa = PBXFileReference; lastKnownFileType = sourcecode.c.objc; path = YDScanerViewController.m; sourceTree = "<group>"; };
		E6E2C85D217320CB008ABC42 /* YDScanerNaviViewController.h */ = {isa = PBXFileReference; lastKnownFileType = sourcecode.c.h; path = YDScanerNaviViewController.h; sourceTree = "<group>"; };
		E6E2C85E217320CB008ABC42 /* YDScanerNaviViewController.m */ = {isa = PBXFileReference; lastKnownFileType = sourcecode.c.objc; path = YDScanerNaviViewController.m; sourceTree = "<group>"; };
		E6E2C860217322CD008ABC42 /* ydhoto_back@2x.png */ = {isa = PBXFileReference; lastKnownFileType = image.png; name = "ydhoto_back@2x.png"; path = "../../相册/相册/YDPhotoAlbum/YDPhotoImage/ydhoto_back@2x.png"; sourceTree = "<group>"; };
		E6E2C863217323C5008ABC42 /* YDScanWebViewController.h */ = {isa = PBXFileReference; fileEncoding = 4; lastKnownFileType = sourcecode.c.h; path = YDScanWebViewController.h; sourceTree = "<group>"; };
		E6E2C864217323C5008ABC42 /* YDScanWebViewController.m */ = {isa = PBXFileReference; fileEncoding = 4; lastKnownFileType = sourcecode.c.objc; path = YDScanWebViewController.m; sourceTree = "<group>"; };
		E6E2C865217323C5008ABC42 /* IMY_NJKWebViewProgress.h */ = {isa = PBXFileReference; fileEncoding = 4; lastKnownFileType = sourcecode.c.h; path = IMY_NJKWebViewProgress.h; sourceTree = "<group>"; };
		E6E2C866217323C5008ABC42 /* IMY_NJKWebViewProgress.m */ = {isa = PBXFileReference; fileEncoding = 4; lastKnownFileType = sourcecode.c.objc; path = IMY_NJKWebViewProgress.m; sourceTree = "<group>"; };
		E6E2C867217323C5008ABC42 /* IMYWebView.h */ = {isa = PBXFileReference; fileEncoding = 4; lastKnownFileType = sourcecode.c.h; path = IMYWebView.h; sourceTree = "<group>"; };
		E6E2C868217323C5008ABC42 /* IMYWebView.m */ = {isa = PBXFileReference; fileEncoding = 4; lastKnownFileType = sourcecode.c.objc; path = IMYWebView.m; sourceTree = "<group>"; };
		E6E2C869217323C5008ABC42 /* WYWeakScriptMessageDelegate.h */ = {isa = PBXFileReference; fileEncoding = 4; lastKnownFileType = sourcecode.c.h; path = WYWeakScriptMessageDelegate.h; sourceTree = "<group>"; };
		E6E2C86A217323C5008ABC42 /* WYWeakScriptMessageDelegate.m */ = {isa = PBXFileReference; fileEncoding = 4; lastKnownFileType = sourcecode.c.objc; path = WYWeakScriptMessageDelegate.m; sourceTree = "<group>"; };
		E6E2C86F21732500008ABC42 /* UIColor+ARCatalog.m */ = {isa = PBXFileReference; fileEncoding = 4; lastKnownFileType = sourcecode.c.objc; path = "UIColor+ARCatalog.m"; sourceTree = "<group>"; };
		E6E2C87021732500008ABC42 /* UIColor+ARCatalog.h */ = {isa = PBXFileReference; fileEncoding = 4; lastKnownFileType = sourcecode.c.h; path = "UIColor+ARCatalog.h"; sourceTree = "<group>"; };
		E6E2C87221732560008ABC42 /* UtinityDefine.h */ = {isa = PBXFileReference; fileEncoding = 4; lastKnownFileType = sourcecode.c.h; path = UtinityDefine.h; sourceTree = "<group>"; };
		E6E2C87321732A19008ABC42 /* XBWeakProxy.m */ = {isa = PBXFileReference; fileEncoding = 4; lastKnownFileType = sourcecode.c.objc; path = XBWeakProxy.m; sourceTree = "<group>"; };
		E6E2C87421732A19008ABC42 /* XBWeakProxy.h */ = {isa = PBXFileReference; fileEncoding = 4; lastKnownFileType = sourcecode.c.h; path = XBWeakProxy.h; sourceTree = "<group>"; };
		E6E2C87721732BA2008ABC42 /* UIView+XBFrame.h */ = {isa = PBXFileReference; fileEncoding = 4; lastKnownFileType = sourcecode.c.h; path = "UIView+XBFrame.h"; sourceTree = "<group>"; };
		E6E2C87821732BA3008ABC42 /* UIView+XBFrame.m */ = {isa = PBXFileReference; fileEncoding = 4; lastKnownFileType = sourcecode.c.objc; path = "UIView+XBFrame.m"; sourceTree = "<group>"; };
		E6E2C87B21733819008ABC42 /* scan_circle@2x.png */ = {isa = PBXFileReference; lastKnownFileType = image.png; path = "scan_circle@2x.png"; sourceTree = "<group>"; };
		E6E2C87C21733819008ABC42 /* scan_line@2x.png */ = {isa = PBXFileReference; lastKnownFileType = image.png; path = "scan_line@2x.png"; sourceTree = "<group>"; };
		E6E2C87D21733819008ABC42 /* scanSuccess.wav */ = {isa = PBXFileReference; lastKnownFileType = audio.wav; path = scanSuccess.wav; sourceTree = "<group>"; };
/* End PBXFileReference section */

/* Begin PBXFrameworksBuildPhase section */
		E695F153212D643600519A99 /* Frameworks */ = {
			isa = PBXFrameworksBuildPhase;
			buildActionMask = 2147483647;
			files = (
				E695F171212D6C4E00519A99 /* AVFoundation.framework in Frameworks */,
			);
			runOnlyForDeploymentPostprocessing = 0;
		};
/* End PBXFrameworksBuildPhase section */

/* Begin PBXGroup section */
		E695F14D212D643600519A99 = {
			isa = PBXGroup;
			children = (
				E695F158212D643600519A99 /* 二维码 */,
				E695F157212D643600519A99 /* Products */,
				E695F16F212D6C4E00519A99 /* Frameworks */,
			);
			sourceTree = "<group>";
		};
		E695F157212D643600519A99 /* Products */ = {
			isa = PBXGroup;
			children = (
				E695F156212D643600519A99 /* 二维码.app */,
			);
			name = Products;
			sourceTree = "<group>";
		};
		E695F158212D643600519A99 /* 二维码 */ = {
			isa = PBXGroup;
			children = (
				E6E2C87A21733819008ABC42 /* resource */,
				E6E2C87621732AAC008ABC42 /* viewTools */,
				E6E2C862217323C5008ABC42 /* WebVIew */,
				E6E2C860217322CD008ABC42 /* ydhoto_back@2x.png */,
				E695F159212D643600519A99 /* AppDelegate.h */,
				E695F15A212D643600519A99 /* AppDelegate.m */,
				E695F15C212D643600519A99 /* ViewController.h */,
				E695F15D212D643600519A99 /* ViewController.m */,
				E6E2C85A21732052008ABC42 /* YDScanerViewController.h */,
				E6E2C85B21732052008ABC42 /* YDScanerViewController.m */,
				E6E2C85D217320CB008ABC42 /* YDScanerNaviViewController.h */,
				E6E2C85E217320CB008ABC42 /* YDScanerNaviViewController.m */,
				E695F15F212D643600519A99 /* Main.storyboard */,
				E695F162212D643800519A99 /* Assets.xcassets */,
				E695F164212D643800519A99 /* LaunchScreen.storyboard */,
				E695F167212D643800519A99 /* Info.plist */,
				E695F168212D643800519A99 /* main.m */,
			);
			path = "二维码";
			sourceTree = "<group>";
		};
		E695F16F212D6C4E00519A99 /* Frameworks */ = {
			isa = PBXGroup;
			children = (
				E695F170212D6C4E00519A99 /* AVFoundation.framework */,
			);
			name = Frameworks;
			sourceTree = "<group>";
		};
		E6E2C862217323C5008ABC42 /* WebVIew */ = {
			isa = PBXGroup;
			children = (
				E6E2C863217323C5008ABC42 /* YDScanWebViewController.h */,
				E6E2C864217323C5008ABC42 /* YDScanWebViewController.m */,
				E6E2C865217323C5008ABC42 /* IMY_NJKWebViewProgress.h */,
				E6E2C866217323C5008ABC42 /* IMY_NJKWebViewProgress.m */,
				E6E2C867217323C5008ABC42 /* IMYWebView.h */,
				E6E2C868217323C5008ABC42 /* IMYWebView.m */,
				E6E2C869217323C5008ABC42 /* WYWeakScriptMessageDelegate.h */,
				E6E2C86A217323C5008ABC42 /* WYWeakScriptMessageDelegate.m */,
			);
			path = WebVIew;
			sourceTree = "<group>";
		};
		E6E2C87621732AAC008ABC42 /* viewTools */ = {
			isa = PBXGroup;
			children = (
				E6E2C87721732BA2008ABC42 /* UIView+XBFrame.h */,
				E6E2C87821732BA3008ABC42 /* UIView+XBFrame.m */,
				E6E2C87221732560008ABC42 /* UtinityDefine.h */,
				E6E2C87021732500008ABC42 /* UIColor+ARCatalog.h */,
				E6E2C86F21732500008ABC42 /* UIColor+ARCatalog.m */,
				E6E2C87421732A19008ABC42 /* XBWeakProxy.h */,
				E6E2C87321732A19008ABC42 /* XBWeakProxy.m */,
			);
			path = viewTools;
			sourceTree = "<group>";
		};
		E6E2C87A21733819008ABC42 /* resource */ = {
			isa = PBXGroup;
			children = (
				E6E2C87B21733819008ABC42 /* scan_circle@2x.png */,
				E6E2C87C21733819008ABC42 /* scan_line@2x.png */,
				E6E2C87D21733819008ABC42 /* scanSuccess.wav */,
			);
			path = resource;
			sourceTree = "<group>";
		};
/* End PBXGroup section */

/* Begin PBXNativeTarget section */
		E695F155212D643600519A99 /* 二维码 */ = {
			isa = PBXNativeTarget;
			buildConfigurationList = E695F16C212D643800519A99 /* Build configuration list for PBXNativeTarget "二维码" */;
			buildPhases = (
				E695F152212D643600519A99 /* Sources */,
				E695F153212D643600519A99 /* Frameworks */,
				E695F154212D643600519A99 /* Resources */,
			);
			buildRules = (
			);
			dependencies = (
			);
			name = "二维码";
			productName = "二维码";
			productReference = E695F156212D643600519A99 /* 二维码.app */;
			productType = "com.apple.product-type.application";
		};
/* End PBXNativeTarget section */

/* Begin PBXProject section */
		E695F14E212D643600519A99 /* Project object */ = {
			isa = PBXProject;
			attributes = {
				LastUpgradeCheck = 0940;
				ORGANIZATIONNAME = yidezhang;
				TargetAttributes = {
					E695F155212D643600519A99 = {
						CreatedOnToolsVersion = 9.4;
					};
				};
			};
			buildConfigurationList = E695F151212D643600519A99 /* Build configuration list for PBXProject "二维码" */;
			compatibilityVersion = "Xcode 9.3";
			developmentRegion = en;
			hasScannedForEncodings = 0;
			knownRegions = (
				en,
				Base,
			);
			mainGroup = E695F14D212D643600519A99;
			productRefGroup = E695F157212D643600519A99 /* Products */;
			projectDirPath = "";
			projectRoot = "";
			targets = (
				E695F155212D643600519A99 /* 二维码 */,
			);
		};
/* End PBXProject section */

/* Begin PBXResourcesBuildPhase section */
		E695F154212D643600519A99 /* Resources */ = {
			isa = PBXResourcesBuildPhase;
			buildActionMask = 2147483647;
			files = (
				E695F166212D643800519A99 /* LaunchScreen.storyboard in Resources */,
				E695F163212D643800519A99 /* Assets.xcassets in Resources */,
				E6E2C88021733819008ABC42 /* scanSuccess.wav in Resources */,
				E6E2C861217322CD008ABC42 /* ydhoto_back@2x.png in Resources */,
				E695F161212D643600519A99 /* Main.storyboard in Resources */,
				E6E2C87E21733819008ABC42 /* scan_circle@2x.png in Resources */,
				E6E2C87F21733819008ABC42 /* scan_line@2x.png in Resources */,
			);
			runOnlyForDeploymentPostprocessing = 0;
		};
/* End PBXResourcesBuildPhase section */

/* Begin PBXSourcesBuildPhase section */
		E695F152212D643600519A99 /* Sources */ = {
			isa = PBXSourcesBuildPhase;
			buildActionMask = 2147483647;
			files = (
				E695F15E212D643600519A99 /* ViewController.m in Sources */,
				E6E2C86C217323C5008ABC42 /* IMY_NJKWebViewProgress.m in Sources */,
				E6E2C86E217323C5008ABC42 /* WYWeakScriptMessageDelegate.m in Sources */,
				E6E2C85F217320CB008ABC42 /* YDScanerNaviViewController.m in Sources */,
				E6E2C87921732BA3008ABC42 /* UIView+XBFrame.m in Sources */,
				E695F169212D643800519A99 /* main.m in Sources */,
				E695F15B212D643600519A99 /* AppDelegate.m in Sources */,
				E6E2C87121732500008ABC42 /* UIColor+ARCatalog.m in Sources */,
				E6E2C85C21732052008ABC42 /* YDScanerViewController.m in Sources */,
				E6E2C86B217323C5008ABC42 /* YDScanWebViewController.m in Sources */,
				E6E2C86D217323C5008ABC42 /* IMYWebView.m in Sources */,
				E6E2C87521732A19008ABC42 /* XBWeakProxy.m in Sources */,
			);
			runOnlyForDeploymentPostprocessing = 0;
		};
/* End PBXSourcesBuildPhase section */

/* Begin PBXVariantGroup section */
		E695F15F212D643600519A99 /* Main.storyboard */ = {
			isa = PBXVariantGroup;
			children = (
				E695F160212D643600519A99 /* Base */,
			);
			name = Main.storyboard;
			sourceTree = "<group>";
		};
		E695F164212D643800519A99 /* LaunchScreen.storyboard */ = {
			isa = PBXVariantGroup;
			children = (
				E695F165212D643800519A99 /* Base */,
			);
			name = LaunchScreen.storyboard;
			sourceTree = "<group>";
		};
/* End PBXVariantGroup section */

/* Begin XCBuildConfiguration section */
		E695F16A212D643800519A99 /* Debug */ = {
			isa = XCBuildConfiguration;
			buildSettings = {
				ALWAYS_SEARCH_USER_PATHS = NO;
				CLANG_ANALYZER_NONNULL = YES;
				CLANG_ANALYZER_NUMBER_OBJECT_CONVERSION = YES_AGGRESSIVE;
				CLANG_CXX_LANGUAGE_STANDARD = "gnu++14";
				CLANG_CXX_LIBRARY = "libc++";
				CLANG_ENABLE_MODULES = YES;
				CLANG_ENABLE_OBJC_ARC = YES;
				CLANG_ENABLE_OBJC_WEAK = YES;
				CLANG_WARN_BLOCK_CAPTURE_AUTORELEASING = YES;
				CLANG_WARN_BOOL_CONVERSION = YES;
				CLANG_WARN_COMMA = YES;
				CLANG_WARN_CONSTANT_CONVERSION = YES;
				CLANG_WARN_DEPRECATED_OBJC_IMPLEMENTATIONS = YES;
				CLANG_WARN_DIRECT_OBJC_ISA_USAGE = YES_ERROR;
				CLANG_WARN_DOCUMENTATION_COMMENTS = YES;
				CLANG_WARN_EMPTY_BODY = YES;
				CLANG_WARN_ENUM_CONVERSION = YES;
				CLANG_WARN_INFINITE_RECURSION = YES;
				CLANG_WARN_INT_CONVERSION = YES;
				CLANG_WARN_NON_LITERAL_NULL_CONVERSION = YES;
				CLANG_WARN_OBJC_IMPLICIT_RETAIN_SELF = YES;
				CLANG_WARN_OBJC_LITERAL_CONVERSION = YES;
				CLANG_WARN_OBJC_ROOT_CLASS = YES_ERROR;
				CLANG_WARN_RANGE_LOOP_ANALYSIS = YES;
				CLANG_WARN_STRICT_PROTOTYPES = YES;
				CLANG_WARN_SUSPICIOUS_MOVE = YES;
				CLANG_WARN_UNGUARDED_AVAILABILITY = YES_AGGRESSIVE;
				CLANG_WARN_UNREACHABLE_CODE = YES;
				CLANG_WARN__DUPLICATE_METHOD_MATCH = YES;
				CODE_SIGN_IDENTITY = "iPhone Developer";
				COPY_PHASE_STRIP = NO;
				DEBUG_INFORMATION_FORMAT = dwarf;
				ENABLE_STRICT_OBJC_MSGSEND = YES;
				ENABLE_TESTABILITY = YES;
				GCC_C_LANGUAGE_STANDARD = gnu11;
				GCC_DYNAMIC_NO_PIC = NO;
				GCC_NO_COMMON_BLOCKS = YES;
				GCC_OPTIMIZATION_LEVEL = 0;
				GCC_PREPROCESSOR_DEFINITIONS = (
					"DEBUG=1",
					"$(inherited)",
				);
				GCC_WARN_64_TO_32_BIT_CONVERSION = YES;
				GCC_WARN_ABOUT_RETURN_TYPE = YES_ERROR;
				GCC_WARN_UNDECLARED_SELECTOR = YES;
				GCC_WARN_UNINITIALIZED_AUTOS = YES_AGGRESSIVE;
				GCC_WARN_UNUSED_FUNCTION = YES;
				GCC_WARN_UNUSED_VARIABLE = YES;
				IPHONEOS_DEPLOYMENT_TARGET = 11.4;
				MTL_ENABLE_DEBUG_INFO = YES;
				ONLY_ACTIVE_ARCH = YES;
				SDKROOT = iphoneos;
			};
			name = Debug;
		};
		E695F16B212D643800519A99 /* Release */ = {
			isa = XCBuildConfiguration;
			buildSettings = {
				ALWAYS_SEARCH_USER_PATHS = NO;
				CLANG_ANALYZER_NONNULL = YES;
				CLANG_ANALYZER_NUMBER_OBJECT_CONVERSION = YES_AGGRESSIVE;
				CLANG_CXX_LANGUAGE_STANDARD = "gnu++14";
				CLANG_CXX_LIBRARY = "libc++";
				CLANG_ENABLE_MODULES = YES;
				CLANG_ENABLE_OBJC_ARC = YES;
				CLANG_ENABLE_OBJC_WEAK = YES;
				CLANG_WARN_BLOCK_CAPTURE_AUTORELEASING = YES;
				CLANG_WARN_BOOL_CONVERSION = YES;
				CLANG_WARN_COMMA = YES;
				CLANG_WARN_CONSTANT_CONVERSION = YES;
				CLANG_WARN_DEPRECATED_OBJC_IMPLEMENTATIONS = YES;
				CLANG_WARN_DIRECT_OBJC_ISA_USAGE = YES_ERROR;
				CLANG_WARN_DOCUMENTATION_COMMENTS = YES;
				CLANG_WARN_EMPTY_BODY = YES;
				CLANG_WARN_ENUM_CONVERSION = YES;
				CLANG_WARN_INFINITE_RECURSION = YES;
				CLANG_WARN_INT_CONVERSION = YES;
				CLANG_WARN_NON_LITERAL_NULL_CONVERSION = YES;
				CLANG_WARN_OBJC_IMPLICIT_RETAIN_SELF = YES;
				CLANG_WARN_OBJC_LITERAL_CONVERSION = YES;
				CLANG_WARN_OBJC_ROOT_CLASS = YES_ERROR;
				CLANG_WARN_RANGE_LOOP_ANALYSIS = YES;
				CLANG_WARN_STRICT_PROTOTYPES = YES;
				CLANG_WARN_SUSPICIOUS_MOVE = YES;
				CLANG_WARN_UNGUARDED_AVAILABILITY = YES_AGGRESSIVE;
				CLANG_WARN_UNREACHABLE_CODE = YES;
				CLANG_WARN__DUPLICATE_METHOD_MATCH = YES;
				CODE_SIGN_IDENTITY = "iPhone Developer";
				COPY_PHASE_STRIP = NO;
				DEBUG_INFORMATION_FORMAT = "dwarf-with-dsym";
				ENABLE_NS_ASSERTIONS = NO;
				ENABLE_STRICT_OBJC_MSGSEND = YES;
				GCC_C_LANGUAGE_STANDARD = gnu11;
				GCC_NO_COMMON_BLOCKS = YES;
				GCC_WARN_64_TO_32_BIT_CONVERSION = YES;
				GCC_WARN_ABOUT_RETURN_TYPE = YES_ERROR;
				GCC_WARN_UNDECLARED_SELECTOR = YES;
				GCC_WARN_UNINITIALIZED_AUTOS = YES_AGGRESSIVE;
				GCC_WARN_UNUSED_FUNCTION = YES;
				GCC_WARN_UNUSED_VARIABLE = YES;
				IPHONEOS_DEPLOYMENT_TARGET = 11.4;
				MTL_ENABLE_DEBUG_INFO = NO;
				SDKROOT = iphoneos;
				VALIDATE_PRODUCT = YES;
			};
			name = Release;
		};
		E695F16D212D643800519A99 /* Debug */ = {
			isa = XCBuildConfiguration;
			buildSettings = {
				ASSETCATALOG_COMPILER_APPICON_NAME = AppIcon;
				CODE_SIGN_STYLE = Automatic;
				DEVELOPMENT_TEAM = S734R9XHYJ;
				INFOPLIST_FILE = "二维码/Info.plist";
				IPHONEOS_DEPLOYMENT_TARGET = 8.0;
				LD_RUNPATH_SEARCH_PATHS = (
					"$(inherited)",
					"@executable_path/Frameworks",
				);
				PRODUCT_BUNDLE_IDENTIFIER = "com.Test.---";
				PRODUCT_NAME = "$(TARGET_NAME)";
				TARGETED_DEVICE_FAMILY = "1,2";
			};
			name = Debug;
		};
		E695F16E212D643800519A99 /* Release */ = {
			isa = XCBuildConfiguration;
			buildSettings = {
				ASSETCATALOG_COMPILER_APPICON_NAME = AppIcon;
				CODE_SIGN_STYLE = Automatic;
				DEVELOPMENT_TEAM = S734R9XHYJ;
				INFOPLIST_FILE = "二维码/Info.plist";
				IPHONEOS_DEPLOYMENT_TARGET = 8.0;
				LD_RUNPATH_SEARCH_PATHS = (
					"$(inherited)",
					"@executable_path/Frameworks",
				);
				PRODUCT_BUNDLE_IDENTIFIER = "com.Test.---";
				PRODUCT_NAME = "$(TARGET_NAME)";
				TARGETED_DEVICE_FAMILY = "1,2";
			};
			name = Release;
		};
/* End XCBuildConfiguration section */

/* Begin XCConfigurationList section */
		E695F151212D643600519A99 /* Build configuration list for PBXProject "二维码" */ = {
			isa = XCConfigurationList;
			buildConfigurations = (
				E695F16A212D643800519A99 /* Debug */,
				E695F16B212D643800519A99 /* Release */,
			);
			defaultConfigurationIsVisible = 0;
			defaultConfigurationName = Release;
		};
		E695F16C212D643800519A99 /* Build configuration list for PBXNativeTarget "二维码" */ = {
			isa = XCConfigurationList;
			buildConfigurations = (
				E695F16D212D643800519A99 /* Debug */,
				E695F16E212D643800519A99 /* Release */,
			);
			defaultConfigurationIsVisible = 0;
			defaultConfigurationName = Release;
		};
/* End XCConfigurationList section */
	};
	rootObject = E695F14E212D643600519A99 /* Project object */;
}
